
Microsoft Visual Studio Solution File, Format Version 12.00
# Visual Studio Version 16
VisualStudioVersion = 16.0.31229.75
MinimumVisualStudioVersion = 10.0.40219.1
Project("{FAE04EC0-301F-11D3-BF4B-00C04F79EFBC}") = "GigHub", "GigHub\GigHub.csproj", "{6C95DE95-DE34-40A5-937F-BB9338953ED1}"
EndProject
Project("{FAE04EC0-301F-11D3-BF4B-00C04F79EFBC}") = "GigHub.Tests", "GigHub.Test\GigHub.Tests.csproj", "{26A89F59-1A37-418B-826E-68D7F5ECFB61}"
EndProject
Project("{FAE04EC0-301F-11D3-BF4B-00C04F79EFBC}") = "GigHub.IntegrationTests", "GigHub.IntegrationTests\GigHub.IntegrationTests.csproj", "{CE64A4B2-0CD7-4E20-A8FE-826E1DD1FD28}"
EndProject
Global
	GlobalSection(SolutionConfigurationPlatforms) = preSolution
		Debug|Any CPU = Debug|Any CPU
		Release|Any CPU = Release|Any CPU
	EndGlobalSection
	GlobalSection(ProjectConfigurationPlatforms) = postSolution
		{6C95DE95-DE34-40A5-937F-BB9338953ED1}.Debug|Any CPU.ActiveCfg = Debug|Any CPU
		{6C95DE95-DE34-40A5-937F-BB9338953ED1}.Debug|Any CPU.Build.0 = Debug|Any CPU
		{6C95DE95-DE34-40A5-937F-BB9338953ED1}.Release|Any CPU.ActiveCfg = Release|Any CPU
		{6C95DE95-DE34-40A5-937F-BB9338953ED1}.Release|Any CPU.Build.0 = Release|Any CPU
		{26A89F59-1A37-418B-826E-68D7F5ECFB61}.Debug|Any CPU.ActiveCfg = Debug|Any CPU
		{26A89F59-1A37-418B-826E-68D7F5ECFB61}.Debug|Any CPU.Build.0 = Debug|Any CPU
		{26A89F59-1A37-418B-826E-68D7F5ECFB61}.Release|Any CPU.ActiveCfg = Release|Any CPU
		{26A89F59-1A37-418B-826E-68D7F5ECFB61}.Release|Any CPU.Build.0 = Release|Any CPU
		{CE64A4B2-0CD7-4E20-A8FE-826E1DD1FD28}.Debug|Any CPU.ActiveCfg = Debug|Any CPU
		{CE64A4B2-0CD7-4E20-A8FE-826E1DD1FD28}.Debug|Any CPU.Build.0 = Debug|Any CPU
		{CE64A4B2-0CD7-4E20-A8FE-826E1DD1FD28}.Release|Any CPU.ActiveCfg = Release|Any CPU
		{CE64A4B2-0CD7-4E20-A8FE-826E1DD1FD28}.Release|Any CPU.Build.0 = Release|Any CPU
	EndGlobalSection
	GlobalSection(SolutionProperties) = preSolution
		HideSolutionNode = FALSE
	EndGlobalSection
	GlobalSection(ExtensibilityGlobals) = postSolution
		SolutionGuid = {CDD07143-3F11-4C24-A056-DFFBBAA856B3}
	EndGlobalSection
	GlobalSection(TeamFoundationVersionControl) = preSolution
		SccNumberOfProjects = 4
		SccEnterpriseProvider = {4CA58AB2-18FA-4F8D-95D4-32DDF27D184C}
		SccTeamFoundationServer = https://dev.azure.com/gkowaalski
		SccLocalPath0 = .
		SccProjectUniqueName1 = GigHub\\GigHub.csproj
		SccProjectName1 = GigHub
		SccLocalPath1 = GigHub
		SccProjectUniqueName2 = GigHub.Test\\GigHub.Tests.csproj
		SccProjectName2 = GigHub.Test
		SccLocalPath2 = GigHub.Test
		SccProjectUniqueName3 = GigHub.IntegrationTests\\GigHub.IntegrationTests.csproj
		SccProjectName3 = GigHub.IntegrationTests
		SccLocalPath3 = GigHub.IntegrationTests
	EndGlobalSection
EndGlobal
